{
  "pins" : [
    {
      "identity" : "ocean",
      "kind" : "remoteSourceControl",
      "location" : "https://github.com/es-kumagai/Ocean.git",
      "state" : {
        "branch" : "master",
        "revision" : "eb262a5a417e7e39e60d232fd57538f7b708d43e"
      }
    },
    {
      "identity" : "swim",
      "kind" : "remoteSourceControl",
      "location" : "https://github.com/es-kumagai/Swim",
      "state" : {
        "branch" : "master",
        "revision" : "c5c91c9b998bd2c99e946f8e02cabe77916c213e"
      }
    },
    {
      "identity" : "usbdevicedetector",
      "kind" : "remoteSourceControl",
      "location" : "https://github.com/es-kumagai/USBDeviceDetector.git",
      "state" : {
        "branch" : "main",
        "revision" : "b542610201ed36d874c41347eb91a58c65c36247"
      }
    }
  ],
  "version" : 2
}
