{
  "pins" : [
    {
      "identity" : "ocean",
      "kind" : "remoteSourceControl",
      "location" : "https://github.com/es-kumagai/Ocean.git",
      "state" : {
        "branch" : "master",
        "revision" : "1a925981bf4cdc4f95e5718875f7faa7557bf012"
      }
    },
    {
      "identity" : "swim",
      "kind" : "remoteSourceControl",
      "location" : "https://github.com/es-kumagai/Swim",
      "state" : {
        "branch" : "master",
        "revision" : "c9cac424b37375426cf8b50e8b2dc4116bd0c797"
      }
    },
    {
      "identity" : "usbdevicedetector",
      "kind" : "remoteSourceControl",
      "location" : "https://github.com/es-kumagai/USBDeviceDetector.git",
      "state" : {
        "branch" : "main",
        "revision" : "1ad83b61e4516f7d0676f700696cf8240941016a"
      }
    }
  ],
  "version" : 2
}
