{
  "pins" : [
    {
      "identity" : "ocean",
      "kind" : "remoteSourceControl",
      "location" : "https://github.com/es-kumagai/Ocean.git",
      "state" : {
        "branch" : "master",
        "revision" : "89e7a9ad26f54de238c78263c67d23297966f967"
      }
    },
    {
      "identity" : "swim",
      "kind" : "remoteSourceControl",
      "location" : "https://github.com/es-kumagai/Swim",
      "state" : {
        "branch" : "master",
        "revision" : "c5c91c9b998bd2c99e946f8e02cabe77916c213e"
      }
    },
    {
      "identity" : "usbdevicedetector",
      "kind" : "remoteSourceControl",
      "location" : "https://github.com/es-kumagai/USBDeviceDetector.git",
      "state" : {
        "branch" : "main",
        "revision" : "7bd8547a028615dfeb692e148cddfaa5c4789814"
      }
    }
  ],
  "version" : 2
}
