// !$*UTF8*$!
{
	archiveVersion = 1;
	classes = {
	};
	objectVersion = 55;
	objects = {

/* Begin PBXBuildFile section */
		B141529B27E48F4100B99ECC /* USBDeviceDetector in Frameworks */ = {isa = PBXBuildFile; productRef = B141529A27E48F4100B99ECC /* USBDeviceDetector */; };
		B14152A327E9A92200B99ECC /* Configuration.swift in Sources */ = {isa = PBXBuildFile; fileRef = B14152A227E9A92200B99ECC /* Configuration.swift */; };
		B163F9042744E85C002E8B99 /* AudioDevice.swift in Sources */ = {isa = PBXBuildFile; fileRef = B163F9032744E85C002E8B99 /* AudioDevice.swift */; };
		B163F9062744E9D2002E8B99 /* AudioDeviceError.swift in Sources */ = {isa = PBXBuildFile; fileRef = B163F9052744E9D2002E8B99 /* AudioDeviceError.swift */; };
		B163F9082744EB55002E8B99 /* AudioObjectProperty.swift in Sources */ = {isa = PBXBuildFile; fileRef = B163F9072744EB55002E8B99 /* AudioObjectProperty.swift */; };
		B163F90B2745445E002E8B99 /* AudioObjectController.swift in Sources */ = {isa = PBXBuildFile; fileRef = B163F90A2745445E002E8B99 /* AudioObjectController.swift */; };
		B163F90D2745491D002E8B99 /* AudioObjectPropertyValue.swift in Sources */ = {isa = PBXBuildFile; fileRef = B163F90C2745491D002E8B99 /* AudioObjectPropertyValue.swift */; };
		B163F91027460A6D002E8B99 /* AudioProperty.swift in Sources */ = {isa = PBXBuildFile; fileRef = B163F90F27460A6D002E8B99 /* AudioProperty.swift */; };
		B163F91227460A93002E8B99 /* AudioHardwareProperty.swift in Sources */ = {isa = PBXBuildFile; fileRef = B163F91127460A93002E8B99 /* AudioHardwareProperty.swift */; };
		B163F91427460B47002E8B99 /* AudioDeviceProperty.swift in Sources */ = {isa = PBXBuildFile; fileRef = B163F91327460B47002E8B99 /* AudioDeviceProperty.swift */; };
		B19FAD2E2747155D003979F8 /* MutableAudioDeviceController.swift in Sources */ = {isa = PBXBuildFile; fileRef = B19FAD2D2747155D003979F8 /* MutableAudioDeviceController.swift */; };
		B1B7252328FDA46600F6EC86 /* USBDetection.swift in Sources */ = {isa = PBXBuildFile; fileRef = B1B7252228FDA46600F6EC86 /* USBDetection.swift */; };
		B1DA051128F037870000AE20 /* ApplicationStateDetector.h in Headers */ = {isa = PBXBuildFile; fileRef = B1DA051028F037870000AE20 /* ApplicationStateDetector.h */; settings = {ATTRIBUTES = (Public, ); }; };
		B1DA051428F037870000AE20 /* ApplicationStateDetector.framework in Frameworks */ = {isa = PBXBuildFile; fileRef = B1DA050E28F037870000AE20 /* ApplicationStateDetector.framework */; };
		B1DA051528F037870000AE20 /* ApplicationStateDetector.framework in Embed Frameworks */ = {isa = PBXBuildFile; fileRef = B1DA050E28F037870000AE20 /* ApplicationStateDetector.framework */; settings = {ATTRIBUTES = (CodeSignOnCopy, RemoveHeadersOnCopy, ); }; };
		B1DA051A28F0380E0000AE20 /* ApplicationStateDetector.swift in Sources */ = {isa = PBXBuildFile; fileRef = B1DA051928F0380E0000AE20 /* ApplicationStateDetector.swift */; };
		B1DBC470274E40220068D648 /* ActivityLogView.swift in Sources */ = {isa = PBXBuildFile; fileRef = B1DBC46F274E40220068D648 /* ActivityLogView.swift */; };
		B1DBC475274E4E6C0068D648 /* ActivityLogNotification.swift in Sources */ = {isa = PBXBuildFile; fileRef = B1DBC474274E4E6C0068D648 /* ActivityLogNotification.swift */; };
		B1DBC477274E4E9F0068D648 /* ActivityLog.swift in Sources */ = {isa = PBXBuildFile; fileRef = B1DBC476274E4E9F0068D648 /* ActivityLog.swift */; };
		B1DBC47A274E5E5D0068D648 /* DeviceMatchingPattern.swift in Sources */ = {isa = PBXBuildFile; fileRef = B1DBC479274E5E5D0068D648 /* DeviceMatchingPattern.swift */; };
		B1DBC47C274E5E740068D648 /* DeviceMatchingPatternItem.swift in Sources */ = {isa = PBXBuildFile; fileRef = B1DBC47B274E5E740068D648 /* DeviceMatchingPatternItem.swift */; };
		B1DBC47E274E63BD0068D648 /* ActivityLogOptionDescriptions.swift in Sources */ = {isa = PBXBuildFile; fileRef = B1DBC47D274E63BD0068D648 /* ActivityLogOptionDescriptions.swift */; };
		B1DD985A2740D65B00D36719 /* AppDelegate.swift in Sources */ = {isa = PBXBuildFile; fileRef = B1DD98592740D65B00D36719 /* AppDelegate.swift */; };
		B1DD985C2740D65B00D36719 /* ViewController.swift in Sources */ = {isa = PBXBuildFile; fileRef = B1DD985B2740D65B00D36719 /* ViewController.swift */; };
		B1DD985E2740D65D00D36719 /* Assets.xcassets in Resources */ = {isa = PBXBuildFile; fileRef = B1DD985D2740D65D00D36719 /* Assets.xcassets */; };
		B1DD98612740D65D00D36719 /* Main.storyboard in Resources */ = {isa = PBXBuildFile; fileRef = B1DD985F2740D65D00D36719 /* Main.storyboard */; };
		B1E9910328F03CB700A604D8 /* Ocean in Frameworks */ = {isa = PBXBuildFile; productRef = B1E9910228F03CB700A604D8 /* Ocean */; };
		B1E9910528F04FDA00A604D8 /* ApplicationStateDetectorDelegate.swift in Sources */ = {isa = PBXBuildFile; fileRef = B1E9910428F04FDA00A604D8 /* ApplicationStateDetectorDelegate.swift */; };
/* End PBXBuildFile section */

/* Begin PBXContainerItemProxy section */
		B1DA051228F037870000AE20 /* PBXContainerItemProxy */ = {
			isa = PBXContainerItemProxy;
			containerPortal = B1DD984E2740D65B00D36719 /* Project object */;
			proxyType = 1;
			remoteGlobalIDString = B1DA050D28F037870000AE20;
			remoteInfo = ApplicationStateDetector;
		};
/* End PBXContainerItemProxy section */

/* Begin PBXCopyFilesBuildPhase section */
		B1BA3F2D2743E1E1007FD967 /* Embed Frameworks */ = {
			isa = PBXCopyFilesBuildPhase;
			buildActionMask = 2147483647;
			dstPath = "";
			dstSubfolderSpec = 10;
			files = (
				B1DA051528F037870000AE20 /* ApplicationStateDetector.framework in Embed Frameworks */,
			);
			name = "Embed Frameworks";
			runOnlyForDeploymentPostprocessing = 0;
		};
		B1DA051E28F038B80000AE20 /* Embed Frameworks */ = {
			isa = PBXCopyFilesBuildPhase;
			buildActionMask = 2147483647;
			dstPath = "";
			dstSubfolderSpec = 10;
			files = (
			);
			name = "Embed Frameworks";
			runOnlyForDeploymentPostprocessing = 0;
		};
/* End PBXCopyFilesBuildPhase section */

/* Begin PBXFileReference section */
		B14152A227E9A92200B99ECC /* Configuration.swift */ = {isa = PBXFileReference; lastKnownFileType = sourcecode.swift; path = Configuration.swift; sourceTree = "<group>"; };
		B14152BC27EA052900B99ECC /* README.md */ = {isa = PBXFileReference; lastKnownFileType = net.daringfireball.markdown; path = README.md; sourceTree = "<group>"; };
		B163F9032744E85C002E8B99 /* AudioDevice.swift */ = {isa = PBXFileReference; lastKnownFileType = sourcecode.swift; path = AudioDevice.swift; sourceTree = "<group>"; };
		B163F9052744E9D2002E8B99 /* AudioDeviceError.swift */ = {isa = PBXFileReference; lastKnownFileType = sourcecode.swift; path = AudioDeviceError.swift; sourceTree = "<group>"; };
		B163F9072744EB55002E8B99 /* AudioObjectProperty.swift */ = {isa = PBXFileReference; lastKnownFileType = sourcecode.swift; path = AudioObjectProperty.swift; sourceTree = "<group>"; };
		B163F90A2745445E002E8B99 /* AudioObjectController.swift */ = {isa = PBXFileReference; lastKnownFileType = sourcecode.swift; path = AudioObjectController.swift; sourceTree = "<group>"; };
		B163F90C2745491D002E8B99 /* AudioObjectPropertyValue.swift */ = {isa = PBXFileReference; lastKnownFileType = sourcecode.swift; path = AudioObjectPropertyValue.swift; sourceTree = "<group>"; };
		B163F90F27460A6D002E8B99 /* AudioProperty.swift */ = {isa = PBXFileReference; lastKnownFileType = sourcecode.swift; path = AudioProperty.swift; sourceTree = "<group>"; };
		B163F91127460A93002E8B99 /* AudioHardwareProperty.swift */ = {isa = PBXFileReference; lastKnownFileType = sourcecode.swift; path = AudioHardwareProperty.swift; sourceTree = "<group>"; };
		B163F91327460B47002E8B99 /* AudioDeviceProperty.swift */ = {isa = PBXFileReference; lastKnownFileType = sourcecode.swift; path = AudioDeviceProperty.swift; sourceTree = "<group>"; };
		B19FAD2D2747155D003979F8 /* MutableAudioDeviceController.swift */ = {isa = PBXFileReference; lastKnownFileType = sourcecode.swift; path = MutableAudioDeviceController.swift; sourceTree = "<group>"; };
		B1B7252228FDA46600F6EC86 /* USBDetection.swift */ = {isa = PBXFileReference; lastKnownFileType = sourcecode.swift; path = USBDetection.swift; sourceTree = "<group>"; };
		B1DA050E28F037870000AE20 /* ApplicationStateDetector.framework */ = {isa = PBXFileReference; explicitFileType = wrapper.framework; includeInIndex = 0; path = ApplicationStateDetector.framework; sourceTree = BUILT_PRODUCTS_DIR; };
		B1DA051028F037870000AE20 /* ApplicationStateDetector.h */ = {isa = PBXFileReference; lastKnownFileType = sourcecode.c.h; path = ApplicationStateDetector.h; sourceTree = "<group>"; };
		B1DA051928F0380E0000AE20 /* ApplicationStateDetector.swift */ = {isa = PBXFileReference; lastKnownFileType = sourcecode.swift; path = ApplicationStateDetector.swift; sourceTree = "<group>"; };
		B1DBC46F274E40220068D648 /* ActivityLogView.swift */ = {isa = PBXFileReference; lastKnownFileType = sourcecode.swift; path = ActivityLogView.swift; sourceTree = "<group>"; };
		B1DBC474274E4E6C0068D648 /* ActivityLogNotification.swift */ = {isa = PBXFileReference; lastKnownFileType = sourcecode.swift; path = ActivityLogNotification.swift; sourceTree = "<group>"; };
		B1DBC476274E4E9F0068D648 /* ActivityLog.swift */ = {isa = PBXFileReference; lastKnownFileType = sourcecode.swift; path = ActivityLog.swift; sourceTree = "<group>"; };
		B1DBC479274E5E5D0068D648 /* DeviceMatchingPattern.swift */ = {isa = PBXFileReference; lastKnownFileType = sourcecode.swift; path = DeviceMatchingPattern.swift; sourceTree = "<group>"; };
		B1DBC47B274E5E740068D648 /* DeviceMatchingPatternItem.swift */ = {isa = PBXFileReference; lastKnownFileType = sourcecode.swift; path = DeviceMatchingPatternItem.swift; sourceTree = "<group>"; };
		B1DBC47D274E63BD0068D648 /* ActivityLogOptionDescriptions.swift */ = {isa = PBXFileReference; lastKnownFileType = sourcecode.swift; path = ActivityLogOptionDescriptions.swift; sourceTree = "<group>"; };
		B1DD98562740D65B00D36719 /* USBDeviceDetectorApp.app */ = {isa = PBXFileReference; explicitFileType = wrapper.application; includeInIndex = 0; path = USBDeviceDetectorApp.app; sourceTree = BUILT_PRODUCTS_DIR; };
		B1DD98592740D65B00D36719 /* AppDelegate.swift */ = {isa = PBXFileReference; lastKnownFileType = sourcecode.swift; path = AppDelegate.swift; sourceTree = "<group>"; };
		B1DD985B2740D65B00D36719 /* ViewController.swift */ = {isa = PBXFileReference; lastKnownFileType = sourcecode.swift; path = ViewController.swift; sourceTree = "<group>"; };
		B1DD985D2740D65D00D36719 /* Assets.xcassets */ = {isa = PBXFileReference; lastKnownFileType = folder.assetcatalog; path = Assets.xcassets; sourceTree = "<group>"; };
		B1DD98602740D65D00D36719 /* Base */ = {isa = PBXFileReference; lastKnownFileType = file.storyboard; name = Base; path = Base.lproj/Main.storyboard; sourceTree = "<group>"; };
		B1DD98622740D65D00D36719 /* USBDeviceDetectorApp.entitlements */ = {isa = PBXFileReference; lastKnownFileType = text.plist.entitlements; path = USBDeviceDetectorApp.entitlements; sourceTree = "<group>"; };
		B1E9910428F04FDA00A604D8 /* ApplicationStateDetectorDelegate.swift */ = {isa = PBXFileReference; lastKnownFileType = sourcecode.swift; path = ApplicationStateDetectorDelegate.swift; sourceTree = "<group>"; };
/* End PBXFileReference section */

/* Begin PBXFrameworksBuildPhase section */
		B1DA050B28F037870000AE20 /* Frameworks */ = {
			isa = PBXFrameworksBuildPhase;
			buildActionMask = 2147483647;
			files = (
				B1E9910328F03CB700A604D8 /* Ocean in Frameworks */,
			);
			runOnlyForDeploymentPostprocessing = 0;
		};
		B1DD98532740D65B00D36719 /* Frameworks */ = {
			isa = PBXFrameworksBuildPhase;
			buildActionMask = 2147483647;
			files = (
				B141529B27E48F4100B99ECC /* USBDeviceDetector in Frameworks */,
				B1DA051428F037870000AE20 /* ApplicationStateDetector.framework in Frameworks */,
			);
			runOnlyForDeploymentPostprocessing = 0;
		};
/* End PBXFrameworksBuildPhase section */

/* Begin PBXGroup section */
		B163F90E27460A5A002E8B99 /* AudioProperty */ = {
			isa = PBXGroup;
			children = (
				B163F91327460B47002E8B99 /* AudioDeviceProperty.swift */,
				B163F91127460A93002E8B99 /* AudioHardwareProperty.swift */,
				B163F9072744EB55002E8B99 /* AudioObjectProperty.swift */,
				B163F90F27460A6D002E8B99 /* AudioProperty.swift */,
			);
			path = AudioProperty;
			sourceTree = "<group>";
		};
		B1B7251F28FDA3D800F6EC86 /* Settings */ = {
			isa = PBXGroup;
			children = (
				B1B7252928FDA8A600F6EC86 /* SleepDetection */,
				B1B7252828FDA55900F6EC86 /* USBDetection */,
			);
			path = Settings;
			sourceTree = "<group>";
		};
		B1B7252828FDA55900F6EC86 /* USBDetection */ = {
			isa = PBXGroup;
			children = (
				B1B7252228FDA46600F6EC86 /* USBDetection.swift */,
				B1DBC479274E5E5D0068D648 /* DeviceMatchingPattern.swift */,
				B1DBC47B274E5E740068D648 /* DeviceMatchingPatternItem.swift */,
			);
			path = USBDetection;
			sourceTree = "<group>";
		};
		B1B7252928FDA8A600F6EC86 /* SleepDetection */ = {
			isa = PBXGroup;
			children = (
			);
			path = SleepDetection;
			sourceTree = "<group>";
		};
		B1D8003427E3397400A64922 /* Frameworks */ = {
			isa = PBXGroup;
			children = (
			);
			name = Frameworks;
			sourceTree = "<group>";
		};
		B1DA050F28F037870000AE20 /* ApplicationStateDetector */ = {
			isa = PBXGroup;
			children = (
				B1DA051028F037870000AE20 /* ApplicationStateDetector.h */,
				B1DA051928F0380E0000AE20 /* ApplicationStateDetector.swift */,
				B1E9910428F04FDA00A604D8 /* ApplicationStateDetectorDelegate.swift */,
			);
			path = ApplicationStateDetector;
			sourceTree = "<group>";
		};
		B1DD984D2740D65B00D36719 = {
			isa = PBXGroup;
			children = (
				B14152BC27EA052900B99ECC /* README.md */,
				B1DD98582740D65B00D36719 /* USBDeviceDetectorApp */,
				B1DA050F28F037870000AE20 /* ApplicationStateDetector */,
				B1DD98572740D65B00D36719 /* Products */,
				B1D8003427E3397400A64922 /* Frameworks */,
			);
			sourceTree = "<group>";
		};
		B1DD98572740D65B00D36719 /* Products */ = {
			isa = PBXGroup;
			children = (
				B1DD98562740D65B00D36719 /* USBDeviceDetectorApp.app */,
				B1DA050E28F037870000AE20 /* ApplicationStateDetector.framework */,
			);
			name = Products;
			sourceTree = "<group>";
		};
		B1DD98582740D65B00D36719 /* USBDeviceDetectorApp */ = {
			isa = PBXGroup;
			children = (
				B1B7251F28FDA3D800F6EC86 /* Settings */,
				B163F90E27460A5A002E8B99 /* AudioProperty */,
				B1DD98592740D65B00D36719 /* AppDelegate.swift */,
				B14152A227E9A92200B99ECC /* Configuration.swift */,
				B1DD985B2740D65B00D36719 /* ViewController.swift */,
				B163F9032744E85C002E8B99 /* AudioDevice.swift */,
				B163F90A2745445E002E8B99 /* AudioObjectController.swift */,
				B163F90C2745491D002E8B99 /* AudioObjectPropertyValue.swift */,
				B163F9052744E9D2002E8B99 /* AudioDeviceError.swift */,
				B1DD985D2740D65D00D36719 /* Assets.xcassets */,
				B1DD985F2740D65D00D36719 /* Main.storyboard */,
				B1DD98622740D65D00D36719 /* USBDeviceDetectorApp.entitlements */,
				B19FAD2D2747155D003979F8 /* MutableAudioDeviceController.swift */,
				B1DBC476274E4E9F0068D648 /* ActivityLog.swift */,
				B1DBC46F274E40220068D648 /* ActivityLogView.swift */,
				B1DBC474274E4E6C0068D648 /* ActivityLogNotification.swift */,
				B1DBC47D274E63BD0068D648 /* ActivityLogOptionDescriptions.swift */,
			);
			path = USBDeviceDetectorApp;
			sourceTree = "<group>";
		};
/* End PBXGroup section */

/* Begin PBXHeadersBuildPhase section */
		B1DA050928F037870000AE20 /* Headers */ = {
			isa = PBXHeadersBuildPhase;
			buildActionMask = 2147483647;
			files = (
				B1DA051128F037870000AE20 /* ApplicationStateDetector.h in Headers */,
			);
			runOnlyForDeploymentPostprocessing = 0;
		};
/* End PBXHeadersBuildPhase section */

/* Begin PBXNativeTarget section */
		B1DA050D28F037870000AE20 /* ApplicationStateDetector */ = {
			isa = PBXNativeTarget;
			buildConfigurationList = B1DA051828F037870000AE20 /* Build configuration list for PBXNativeTarget "ApplicationStateDetector" */;
			buildPhases = (
				B1DA050928F037870000AE20 /* Headers */,
				B1DA050A28F037870000AE20 /* Sources */,
				B1DA050B28F037870000AE20 /* Frameworks */,
				B1DA050C28F037870000AE20 /* Resources */,
				B1DA051E28F038B80000AE20 /* Embed Frameworks */,
			);
			buildRules = (
			);
			dependencies = (
			);
			name = ApplicationStateDetector;
			packageProductDependencies = (
				B1E9910228F03CB700A604D8 /* Ocean */,
			);
			productName = ApplicationStateDetector;
			productReference = B1DA050E28F037870000AE20 /* ApplicationStateDetector.framework */;
			productType = "com.apple.product-type.framework";
		};
		B1DD98552740D65B00D36719 /* USBDeviceDetectorApp */ = {
			isa = PBXNativeTarget;
			buildConfigurationList = B1DD987B2740D65D00D36719 /* Build configuration list for PBXNativeTarget "USBDeviceDetectorApp" */;
			buildPhases = (
				B1DD98522740D65B00D36719 /* Sources */,
				B1DD98532740D65B00D36719 /* Frameworks */,
				B1DD98542740D65B00D36719 /* Resources */,
				B1BA3F2D2743E1E1007FD967 /* Embed Frameworks */,
			);
			buildRules = (
			);
			dependencies = (
				B1DA051328F037870000AE20 /* PBXTargetDependency */,
			);
			name = USBDeviceDetectorApp;
			packageProductDependencies = (
				B141529A27E48F4100B99ECC /* USBDeviceDetector */,
			);
			productName = USBDeviceDetector;
			productReference = B1DD98562740D65B00D36719 /* USBDeviceDetectorApp.app */;
			productType = "com.apple.product-type.application";
		};
/* End PBXNativeTarget section */

/* Begin PBXProject section */
		B1DD984E2740D65B00D36719 /* Project object */ = {
			isa = PBXProject;
			attributes = {
				BuildIndependentTargetsInParallel = 1;
				LastSwiftUpdateCheck = 1330;
				LastUpgradeCheck = 1400;
				TargetAttributes = {
					B1DA050D28F037870000AE20 = {
						CreatedOnToolsVersion = 14.0.1;
						LastSwiftMigration = 1400;
					};
					B1DD98552740D65B00D36719 = {
						CreatedOnToolsVersion = 13.1;
					};
				};
			};
			buildConfigurationList = B1DD98512740D65B00D36719 /* Build configuration list for PBXProject " USBDeviceDetector" */;
			compatibilityVersion = "Xcode 13.0";
			developmentRegion = en;
			hasScannedForEncodings = 0;
			knownRegions = (
				en,
				Base,
			);
			mainGroup = B1DD984D2740D65B00D36719;
			packageReferences = (
				B141529327E48E9000B99ECC /* XCRemoteSwiftPackageReference "USBDeviceDetector" */,
				B141529627E48F2400B99ECC /* XCRemoteSwiftPackageReference "Ocean" */,
			);
			productRefGroup = B1DD98572740D65B00D36719 /* Products */;
			projectDirPath = "";
			projectRoot = "";
			targets = (
				B1DD98552740D65B00D36719 /* USBDeviceDetectorApp */,
				B1DA050D28F037870000AE20 /* ApplicationStateDetector */,
			);
		};
/* End PBXProject section */

/* Begin PBXResourcesBuildPhase section */
		B1DA050C28F037870000AE20 /* Resources */ = {
			isa = PBXResourcesBuildPhase;
			buildActionMask = 2147483647;
			files = (
			);
			runOnlyForDeploymentPostprocessing = 0;
		};
		B1DD98542740D65B00D36719 /* Resources */ = {
			isa = PBXResourcesBuildPhase;
			buildActionMask = 2147483647;
			files = (
				B1DD985E2740D65D00D36719 /* Assets.xcassets in Resources */,
				B1DD98612740D65D00D36719 /* Main.storyboard in Resources */,
			);
			runOnlyForDeploymentPostprocessing = 0;
		};
/* End PBXResourcesBuildPhase section */

/* Begin PBXSourcesBuildPhase section */
		B1DA050A28F037870000AE20 /* Sources */ = {
			isa = PBXSourcesBuildPhase;
			buildActionMask = 2147483647;
			files = (
				B1DA051A28F0380E0000AE20 /* ApplicationStateDetector.swift in Sources */,
				B1E9910528F04FDA00A604D8 /* ApplicationStateDetectorDelegate.swift in Sources */,
			);
			runOnlyForDeploymentPostprocessing = 0;
		};
		B1DD98522740D65B00D36719 /* Sources */ = {
			isa = PBXSourcesBuildPhase;
			buildActionMask = 2147483647;
			files = (
				B163F91227460A93002E8B99 /* AudioHardwareProperty.swift in Sources */,
				B1DBC470274E40220068D648 /* ActivityLogView.swift in Sources */,
				B1DBC47C274E5E740068D648 /* DeviceMatchingPatternItem.swift in Sources */,
				B1DD985C2740D65B00D36719 /* ViewController.swift in Sources */,
				B163F9062744E9D2002E8B99 /* AudioDeviceError.swift in Sources */,
				B163F9082744EB55002E8B99 /* AudioObjectProperty.swift in Sources */,
				B1DD985A2740D65B00D36719 /* AppDelegate.swift in Sources */,
				B19FAD2E2747155D003979F8 /* MutableAudioDeviceController.swift in Sources */,
				B1DBC477274E4E9F0068D648 /* ActivityLog.swift in Sources */,
				B163F90B2745445E002E8B99 /* AudioObjectController.swift in Sources */,
				B1DBC47E274E63BD0068D648 /* ActivityLogOptionDescriptions.swift in Sources */,
				B163F91027460A6D002E8B99 /* AudioProperty.swift in Sources */,
				B14152A327E9A92200B99ECC /* Configuration.swift in Sources */,
				B163F91427460B47002E8B99 /* AudioDeviceProperty.swift in Sources */,
				B1B7252328FDA46600F6EC86 /* USBDetection.swift in Sources */,
				B1DBC47A274E5E5D0068D648 /* DeviceMatchingPattern.swift in Sources */,
				B163F9042744E85C002E8B99 /* AudioDevice.swift in Sources */,
				B1DBC475274E4E6C0068D648 /* ActivityLogNotification.swift in Sources */,
				B163F90D2745491D002E8B99 /* AudioObjectPropertyValue.swift in Sources */,
			);
			runOnlyForDeploymentPostprocessing = 0;
		};
/* End PBXSourcesBuildPhase section */

/* Begin PBXTargetDependency section */
		B1DA051328F037870000AE20 /* PBXTargetDependency */ = {
			isa = PBXTargetDependency;
			target = B1DA050D28F037870000AE20 /* ApplicationStateDetector */;
			targetProxy = B1DA051228F037870000AE20 /* PBXContainerItemProxy */;
		};
/* End PBXTargetDependency section */

/* Begin PBXVariantGroup section */
		B1DD985F2740D65D00D36719 /* Main.storyboard */ = {
			isa = PBXVariantGroup;
			children = (
				B1DD98602740D65D00D36719 /* Base */,
			);
			name = Main.storyboard;
			sourceTree = "<group>";
		};
/* End PBXVariantGroup section */

/* Begin XCBuildConfiguration section */
		B1DA051628F037870000AE20 /* Debug */ = {
			isa = XCBuildConfiguration;
			buildSettings = {
				BUILD_LIBRARY_FOR_DISTRIBUTION = YES;
				CLANG_CXX_LANGUAGE_STANDARD = "gnu++20";
				CLANG_ENABLE_MODULES = YES;
				CODE_SIGN_IDENTITY = "";
				"CODE_SIGN_IDENTITY[sdk=macosx*]" = "Apple Development";
				CODE_SIGN_STYLE = Automatic;
				COMBINE_HIDPI_IMAGES = YES;
				CURRENT_PROJECT_VERSION = 1;
				DEAD_CODE_STRIPPING = YES;
				DEFINES_MODULE = YES;
				DEVELOPMENT_TEAM = 89282N6UM7;
				DYLIB_COMPATIBILITY_VERSION = 1;
				DYLIB_CURRENT_VERSION = 1;
				DYLIB_INSTALL_NAME_BASE = "@rpath";
				GENERATE_INFOPLIST_FILE = YES;
				INFOPLIST_KEY_NSHumanReadableCopyright = "";
				INSTALL_PATH = "$(LOCAL_LIBRARY_DIR)/Frameworks";
				LD_RUNPATH_SEARCH_PATHS = (
					"$(inherited)",
					"@executable_path/../Frameworks",
					"@loader_path/Frameworks",
				);
				MARKETING_VERSION = 1.0;
				PRODUCT_BUNDLE_IDENTIFIER = "jp.ez-net.ApplicationStateDetector";
				PRODUCT_NAME = "$(TARGET_NAME:c99extidentifier)";
				SKIP_INSTALL = YES;
				SWIFT_EMIT_LOC_STRINGS = YES;
				SWIFT_OPTIMIZATION_LEVEL = "-Onone";
				SWIFT_VERSION = 5.0;
				VERSIONING_SYSTEM = "apple-generic";
				VERSION_INFO_PREFIX = "";
			};
			name = Debug;
		};
		B1DA051728F037870000AE20 /* Release */ = {
			isa = XCBuildConfiguration;
			buildSettings = {
				BUILD_LIBRARY_FOR_DISTRIBUTION = YES;
				CLANG_CXX_LANGUAGE_STANDARD = "gnu++20";
				CLANG_ENABLE_MODULES = YES;
				CODE_SIGN_IDENTITY = "";
				CODE_SIGN_STYLE = Automatic;
				COMBINE_HIDPI_IMAGES = YES;
				CURRENT_PROJECT_VERSION = 1;
				DEAD_CODE_STRIPPING = YES;
				DEFINES_MODULE = YES;
				DEVELOPMENT_TEAM = 89282N6UM7;
				DYLIB_COMPATIBILITY_VERSION = 1;
				DYLIB_CURRENT_VERSION = 1;
				DYLIB_INSTALL_NAME_BASE = "@rpath";
				GENERATE_INFOPLIST_FILE = YES;
				INFOPLIST_KEY_NSHumanReadableCopyright = "";
				INSTALL_PATH = "$(LOCAL_LIBRARY_DIR)/Frameworks";
				LD_RUNPATH_SEARCH_PATHS = (
					"$(inherited)",
					"@executable_path/../Frameworks",
					"@loader_path/Frameworks",
				);
				MARKETING_VERSION = 1.0;
				PRODUCT_BUNDLE_IDENTIFIER = "jp.ez-net.ApplicationStateDetector";
				PRODUCT_NAME = "$(TARGET_NAME:c99extidentifier)";
				SKIP_INSTALL = YES;
				SWIFT_EMIT_LOC_STRINGS = YES;
				SWIFT_VERSION = 5.0;
				VERSIONING_SYSTEM = "apple-generic";
				VERSION_INFO_PREFIX = "";
			};
			name = Release;
		};
		B1DD98792740D65D00D36719 /* Debug */ = {
			isa = XCBuildConfiguration;
			buildSettings = {
				ALWAYS_SEARCH_USER_PATHS = NO;
				CLANG_ANALYZER_NONNULL = YES;
				CLANG_ANALYZER_NUMBER_OBJECT_CONVERSION = YES_AGGRESSIVE;
				CLANG_CXX_LANGUAGE_STANDARD = "gnu++17";
				CLANG_CXX_LIBRARY = "libc++";
				CLANG_ENABLE_MODULES = YES;
				CLANG_ENABLE_OBJC_ARC = YES;
				CLANG_ENABLE_OBJC_WEAK = YES;
				CLANG_WARN_BLOCK_CAPTURE_AUTORELEASING = YES;
				CLANG_WARN_BOOL_CONVERSION = YES;
				CLANG_WARN_COMMA = YES;
				CLANG_WARN_CONSTANT_CONVERSION = YES;
				CLANG_WARN_DEPRECATED_OBJC_IMPLEMENTATIONS = YES;
				CLANG_WARN_DIRECT_OBJC_ISA_USAGE = YES_ERROR;
				CLANG_WARN_DOCUMENTATION_COMMENTS = YES;
				CLANG_WARN_EMPTY_BODY = YES;
				CLANG_WARN_ENUM_CONVERSION = YES;
				CLANG_WARN_INFINITE_RECURSION = YES;
				CLANG_WARN_INT_CONVERSION = YES;
				CLANG_WARN_NON_LITERAL_NULL_CONVERSION = YES;
				CLANG_WARN_OBJC_IMPLICIT_RETAIN_SELF = YES;
				CLANG_WARN_OBJC_LITERAL_CONVERSION = YES;
				CLANG_WARN_OBJC_ROOT_CLASS = YES_ERROR;
				CLANG_WARN_QUOTED_INCLUDE_IN_FRAMEWORK_HEADER = YES;
				CLANG_WARN_RANGE_LOOP_ANALYSIS = YES;
				CLANG_WARN_STRICT_PROTOTYPES = YES;
				CLANG_WARN_SUSPICIOUS_MOVE = YES;
				CLANG_WARN_UNGUARDED_AVAILABILITY = YES_AGGRESSIVE;
				CLANG_WARN_UNREACHABLE_CODE = YES;
				CLANG_WARN__DUPLICATE_METHOD_MATCH = YES;
				COPY_PHASE_STRIP = NO;
				DEAD_CODE_STRIPPING = YES;
				DEBUG_INFORMATION_FORMAT = dwarf;
				ENABLE_STRICT_OBJC_MSGSEND = YES;
				ENABLE_TESTABILITY = YES;
				GCC_C_LANGUAGE_STANDARD = gnu11;
				GCC_DYNAMIC_NO_PIC = NO;
				GCC_NO_COMMON_BLOCKS = YES;
				GCC_OPTIMIZATION_LEVEL = 0;
				GCC_PREPROCESSOR_DEFINITIONS = (
					"DEBUG=1",
					"$(inherited)",
				);
				GCC_WARN_64_TO_32_BIT_CONVERSION = YES;
				GCC_WARN_ABOUT_RETURN_TYPE = YES_ERROR;
				GCC_WARN_UNDECLARED_SELECTOR = YES;
				GCC_WARN_UNINITIALIZED_AUTOS = YES_AGGRESSIVE;
				GCC_WARN_UNUSED_FUNCTION = YES;
				GCC_WARN_UNUSED_VARIABLE = YES;
				MACOSX_DEPLOYMENT_TARGET = 12.0;
				MTL_ENABLE_DEBUG_INFO = INCLUDE_SOURCE;
				MTL_FAST_MATH = YES;
				ONLY_ACTIVE_ARCH = YES;
				SDKROOT = macosx;
				SWIFT_ACTIVE_COMPILATION_CONDITIONS = DEBUG;
				SWIFT_OPTIMIZATION_LEVEL = "-Onone";
			};
			name = Debug;
		};
		B1DD987A2740D65D00D36719 /* Release */ = {
			isa = XCBuildConfiguration;
			buildSettings = {
				ALWAYS_SEARCH_USER_PATHS = NO;
				CLANG_ANALYZER_NONNULL = YES;
				CLANG_ANALYZER_NUMBER_OBJECT_CONVERSION = YES_AGGRESSIVE;
				CLANG_CXX_LANGUAGE_STANDARD = "gnu++17";
				CLANG_CXX_LIBRARY = "libc++";
				CLANG_ENABLE_MODULES = YES;
				CLANG_ENABLE_OBJC_ARC = YES;
				CLANG_ENABLE_OBJC_WEAK = YES;
				CLANG_WARN_BLOCK_CAPTURE_AUTORELEASING = YES;
				CLANG_WARN_BOOL_CONVERSION = YES;
				CLANG_WARN_COMMA = YES;
				CLANG_WARN_CONSTANT_CONVERSION = YES;
				CLANG_WARN_DEPRECATED_OBJC_IMPLEMENTATIONS = YES;
				CLANG_WARN_DIRECT_OBJC_ISA_USAGE = YES_ERROR;
				CLANG_WARN_DOCUMENTATION_COMMENTS = YES;
				CLANG_WARN_EMPTY_BODY = YES;
				CLANG_WARN_ENUM_CONVERSION = YES;
				CLANG_WARN_INFINITE_RECURSION = YES;
				CLANG_WARN_INT_CONVERSION = YES;
				CLANG_WARN_NON_LITERAL_NULL_CONVERSION = YES;
				CLANG_WARN_OBJC_IMPLICIT_RETAIN_SELF = YES;
				CLANG_WARN_OBJC_LITERAL_CONVERSION = YES;
				CLANG_WARN_OBJC_ROOT_CLASS = YES_ERROR;
				CLANG_WARN_QUOTED_INCLUDE_IN_FRAMEWORK_HEADER = YES;
				CLANG_WARN_RANGE_LOOP_ANALYSIS = YES;
				CLANG_WARN_STRICT_PROTOTYPES = YES;
				CLANG_WARN_SUSPICIOUS_MOVE = YES;
				CLANG_WARN_UNGUARDED_AVAILABILITY = YES_AGGRESSIVE;
				CLANG_WARN_UNREACHABLE_CODE = YES;
				CLANG_WARN__DUPLICATE_METHOD_MATCH = YES;
				COPY_PHASE_STRIP = NO;
				DEAD_CODE_STRIPPING = YES;
				DEBUG_INFORMATION_FORMAT = "dwarf-with-dsym";
				ENABLE_NS_ASSERTIONS = NO;
				ENABLE_STRICT_OBJC_MSGSEND = YES;
				GCC_C_LANGUAGE_STANDARD = gnu11;
				GCC_NO_COMMON_BLOCKS = YES;
				GCC_WARN_64_TO_32_BIT_CONVERSION = YES;
				GCC_WARN_ABOUT_RETURN_TYPE = YES_ERROR;
				GCC_WARN_UNDECLARED_SELECTOR = YES;
				GCC_WARN_UNINITIALIZED_AUTOS = YES_AGGRESSIVE;
				GCC_WARN_UNUSED_FUNCTION = YES;
				GCC_WARN_UNUSED_VARIABLE = YES;
				MACOSX_DEPLOYMENT_TARGET = 12.0;
				MTL_ENABLE_DEBUG_INFO = NO;
				MTL_FAST_MATH = YES;
				SDKROOT = macosx;
				SWIFT_COMPILATION_MODE = wholemodule;
				SWIFT_OPTIMIZATION_LEVEL = "-O";
			};
			name = Release;
		};
		B1DD987C2740D65D00D36719 /* Debug */ = {
			isa = XCBuildConfiguration;
			buildSettings = {
				ALWAYS_EMBED_SWIFT_STANDARD_LIBRARIES = YES;
				ASSETCATALOG_COMPILER_APPICON_NAME = AppIcon;
				ASSETCATALOG_COMPILER_GLOBAL_ACCENT_COLOR_NAME = AccentColor;
				CODE_SIGN_ENTITLEMENTS = USBDeviceDetectorApp/USBDeviceDetectorApp.entitlements;
				CODE_SIGN_IDENTITY = "Apple Development";
				CODE_SIGN_STYLE = Automatic;
				COMBINE_HIDPI_IMAGES = YES;
				CURRENT_PROJECT_VERSION = 3;
				DEAD_CODE_STRIPPING = YES;
				DEVELOPMENT_TEAM = 89282N6UM7;
				ENABLE_HARDENED_RUNTIME = YES;
				GENERATE_INFOPLIST_FILE = YES;
				INFOPLIST_KEY_LSApplicationCategoryType = "public.app-category.utilities";
				INFOPLIST_KEY_NSHumanReadableCopyright = "";
				INFOPLIST_KEY_NSMainStoryboardFile = Main;
				INFOPLIST_KEY_NSPrincipalClass = NSApplication;
				LD_RUNPATH_SEARCH_PATHS = (
					"$(inherited)",
					"@executable_path/../Frameworks",
				);
				MARKETING_VERSION = 1.0;
				PRODUCT_BUNDLE_IDENTIFIER = "jp.ez-net.USBDeviceDetectorApp";
				PRODUCT_NAME = "$(TARGET_NAME)";
				SWIFT_EMIT_LOC_STRINGS = YES;
				SWIFT_VERSION = 5.0;
			};
			name = Debug;
		};
		B1DD987D2740D65D00D36719 /* Release */ = {
			isa = XCBuildConfiguration;
			buildSettings = {
				ALWAYS_EMBED_SWIFT_STANDARD_LIBRARIES = YES;
				ASSETCATALOG_COMPILER_APPICON_NAME = AppIcon;
				ASSETCATALOG_COMPILER_GLOBAL_ACCENT_COLOR_NAME = AccentColor;
				CODE_SIGN_ENTITLEMENTS = USBDeviceDetectorApp/USBDeviceDetectorApp.entitlements;
				CODE_SIGN_IDENTITY = "Apple Development";
				CODE_SIGN_STYLE = Automatic;
				COMBINE_HIDPI_IMAGES = YES;
				CURRENT_PROJECT_VERSION = 3;
				DEAD_CODE_STRIPPING = YES;
				DEVELOPMENT_TEAM = 89282N6UM7;
				ENABLE_HARDENED_RUNTIME = YES;
				GENERATE_INFOPLIST_FILE = YES;
				INFOPLIST_KEY_LSApplicationCategoryType = "public.app-category.utilities";
				INFOPLIST_KEY_NSHumanReadableCopyright = "";
				INFOPLIST_KEY_NSMainStoryboardFile = Main;
				INFOPLIST_KEY_NSPrincipalClass = NSApplication;
				LD_RUNPATH_SEARCH_PATHS = (
					"$(inherited)",
					"@executable_path/../Frameworks",
				);
				MARKETING_VERSION = 1.0;
				PRODUCT_BUNDLE_IDENTIFIER = "jp.ez-net.USBDeviceDetectorApp";
				PRODUCT_NAME = "$(TARGET_NAME)";
				SWIFT_EMIT_LOC_STRINGS = YES;
				SWIFT_VERSION = 5.0;
			};
			name = Release;
		};
/* End XCBuildConfiguration section */

/* Begin XCConfigurationList section */
		B1DA051828F037870000AE20 /* Build configuration list for PBXNativeTarget "ApplicationStateDetector" */ = {
			isa = XCConfigurationList;
			buildConfigurations = (
				B1DA051628F037870000AE20 /* Debug */,
				B1DA051728F037870000AE20 /* Release */,
			);
			defaultConfigurationIsVisible = 0;
			defaultConfigurationName = Release;
		};
		B1DD98512740D65B00D36719 /* Build configuration list for PBXProject " USBDeviceDetector" */ = {
			isa = XCConfigurationList;
			buildConfigurations = (
				B1DD98792740D65D00D36719 /* Debug */,
				B1DD987A2740D65D00D36719 /* Release */,
			);
			defaultConfigurationIsVisible = 0;
			defaultConfigurationName = Release;
		};
		B1DD987B2740D65D00D36719 /* Build configuration list for PBXNativeTarget "USBDeviceDetectorApp" */ = {
			isa = XCConfigurationList;
			buildConfigurations = (
				B1DD987C2740D65D00D36719 /* Debug */,
				B1DD987D2740D65D00D36719 /* Release */,
			);
			defaultConfigurationIsVisible = 0;
			defaultConfigurationName = Release;
		};
/* End XCConfigurationList section */

/* Begin XCRemoteSwiftPackageReference section */
		B141529327E48E9000B99ECC /* XCRemoteSwiftPackageReference "USBDeviceDetector" */ = {
			isa = XCRemoteSwiftPackageReference;
			repositoryURL = "https://github.com/es-kumagai/USBDeviceDetector.git";
			requirement = {
				branch = main;
				kind = branch;
			};
		};
		B141529627E48F2400B99ECC /* XCRemoteSwiftPackageReference "Ocean" */ = {
			isa = XCRemoteSwiftPackageReference;
			repositoryURL = "https://github.com/es-kumagai/Ocean.git";
			requirement = {
				branch = master;
				kind = branch;
			};
		};
/* End XCRemoteSwiftPackageReference section */

/* Begin XCSwiftPackageProductDependency section */
		B141529A27E48F4100B99ECC /* USBDeviceDetector */ = {
			isa = XCSwiftPackageProductDependency;
			package = B141529327E48E9000B99ECC /* XCRemoteSwiftPackageReference "USBDeviceDetector" */;
			productName = USBDeviceDetector;
		};
		B1E9910228F03CB700A604D8 /* Ocean */ = {
			isa = XCSwiftPackageProductDependency;
			package = B141529627E48F2400B99ECC /* XCRemoteSwiftPackageReference "Ocean" */;
			productName = Ocean;
		};
/* End XCSwiftPackageProductDependency section */
	};
	rootObject = B1DD984E2740D65B00D36719 /* Project object */;
}
